
Microsoft Visual Studio Solution File, Format Version 12.00
# Visual Studio Version 16
VisualStudioVersion = 16.0.810.17
MinimumVisualStudioVersion = 10.0.40219.1
Project("{FAE04EC0-301F-11D3-BF4B-00C04F79EFBC}") = "Publicador", "Publicador\Publicador.csproj", "{E2AAED04-DC9F-4018-88B1-E0D28A5B43B8}"
EndProject
Project("{FAE04EC0-301F-11D3-BF4B-00C04F79EFBC}") = "Consumidor", "Consumidor\Consumidor.csproj", "{751A0CB6-9E3D-41ED-AC4E-7C8FB8BF39CC}"
EndProject
Global
	GlobalSection(SolutionConfigurationPlatforms) = preSolution
		Debug|Any CPU = Debug|Any CPU
		Release|Any CPU = Release|Any CPU
	EndGlobalSection
	GlobalSection(ProjectConfigurationPlatforms) = postSolution
		{E2AAED04-DC9F-4018-88B1-E0D28A5B43B8}.Debug|Any CPU.ActiveCfg = Debug|Any CPU
		{E2AAED04-DC9F-4018-88B1-E0D28A5B43B8}.Debug|Any CPU.Build.0 = Debug|Any CPU
		{E2AAED04-DC9F-4018-88B1-E0D28A5B43B8}.Release|Any CPU.ActiveCfg = Release|Any CPU
		{E2AAED04-DC9F-4018-88B1-E0D28A5B43B8}.Release|Any CPU.Build.0 = Release|Any CPU
		{751A0CB6-9E3D-41ED-AC4E-7C8FB8BF39CC}.Debug|Any CPU.ActiveCfg = Debug|Any CPU
		{751A0CB6-9E3D-41ED-AC4E-7C8FB8BF39CC}.Debug|Any CPU.Build.0 = Debug|Any CPU
		{751A0CB6-9E3D-41ED-AC4E-7C8FB8BF39CC}.Release|Any CPU.ActiveCfg = Release|Any CPU
		{751A0CB6-9E3D-41ED-AC4E-7C8FB8BF39CC}.Release|Any CPU.Build.0 = Release|Any CPU
	EndGlobalSection
	GlobalSection(SolutionProperties) = preSolution
		HideSolutionNode = FALSE
	EndGlobalSection
	GlobalSection(ExtensibilityGlobals) = postSolution
		SolutionGuid = {5300420E-F395-48A4-8F84-793A78A0E6DD}
	EndGlobalSection
EndGlobal
